
Microsoft Visual Studio Solution File, Format Version 12.00
# Visual Studio Version 16
VisualStudioVersion = 16.0.32002.261
MinimumVisualStudioVersion = 10.0.40219.1
Project("{8BC9CEB8-8B4A-11D0-8D11-00A0C91BC942}") = "WorkspaceMisc", "WorkspaceMisc\WorkspaceMisc.vcxproj", "{7A8D3433-22A9-4CC2-8D3F-1D177AC8F494}"
EndProject
Global
	GlobalSection(SolutionConfigurationPlatforms) = preSolution
		Debug|x64 = Debug|x64
		Debug|x86 = Debug|x86
		Release|x64 = Release|x64
		Release|x86 = Release|x86
	EndGlobalSection
	GlobalSection(ProjectConfigurationPlatforms) = postSolution
		{7A8D3433-22A9-4CC2-8D3F-1D177AC8F494}.Debug|x64.ActiveCfg = Debug|x64
		{7A8D3433-22A9-4CC2-8D3F-1D177AC8F494}.Debug|x64.Build.0 = Debug|x64
		{7A8D3433-22A9-4CC2-8D3F-1D177AC8F494}.Debug|x86.ActiveCfg = Debug|Win32
		{7A8D3433-22A9-4CC2-8D3F-1D177AC8F494}.Debug|x86.Build.0 = Debug|Win32
		{7A8D3433-22A9-4CC2-8D3F-1D177AC8F494}.Release|x64.ActiveCfg = Release|x64
		{7A8D3433-22A9-4CC2-8D3F-1D177AC8F494}.Release|x64.Build.0 = Release|x64
		{7A8D3433-22A9-4CC2-8D3F-1D177AC8F494}.Release|x86.ActiveCfg = Release|Win32
		{7A8D3433-22A9-4CC2-8D3F-1D177AC8F494}.Release|x86.Build.0 = Release|Win32
	EndGlobalSection
	GlobalSection(SolutionProperties) = preSolution
		HideSolutionNode = FALSE
	EndGlobalSection
	GlobalSection(ExtensibilityGlobals) = postSolution
		SolutionGuid = {6CE9C095-D542-4051-A8BB-BC7201732CEE}
	EndGlobalSection
EndGlobal
